{
    "_meta": {
        "hash": {
            "sha256": "a681ae86003e08f9ff5850c8107ee54267a49b8447d89b9b70405769fc0e7912"
        },
        "pipfile-spec": 6,
        "requires": {
            "python_version": "3.10"
        },
        "sources": [
            {
                "name": "pypi",
                "url": "https://pypi.org/simple",
                "verify_ssl": true
            }
        ]
    },
    "default": {
        "apscheduler": {
            "hashes": [
                "sha256:e6df071b27d9be898e486bc7940a7be50b4af2e9da7c08f0744a96d4bd4cef4a",
                "sha256:fb91e8a768632a4756a585f79ec834e0e27aad5860bac7eaa523d9ccefd87661"
            ],
            "index": "pypi",
            "version": "==3.10.4"
        },
        "fastavro": {
            "hashes": [
                "sha256:0e08964b2e9a455d831f2557402a683d4c4d45206f2ab9ade7c69d3dc14e0e58",
                "sha256:2b837d3038c651046252bc92c1b9899bf21c7927a148a1ff89599c36c2a331ca",
                "sha256:38aca63ce604039bcdf2edd14912d00287bdbf8b76f9aa42b28e6ca0bf950092",
                "sha256:401a70b1e5c7161420c6019e0c8afa88f7c8a373468591f5ec37639a903c2509",
                "sha256:536cb448bc83811056be02749fd9df37a69621678f02597d272970a769e9b40c",
                "sha256:53beb458f30c9ad4aa7bff4a42243ff990ffb713b6ce0cd9b360cbc3d648fe52",
                "sha256:543185a672ff6306beb329b57a7b8a3a2dd1eb21a5ccc530150623d58d48bb98",
                "sha256:650b22766259f7dd7519dfa4e4658f0e233c319efa130b9cf0c36a500e09cc57",
                "sha256:66e132c710663230292bc63e2cb79cf95b16ccb94a5fc99bb63694b24e312fc5",
                "sha256:792adfc0c80c7f1109e0ab4b0decef20691fdf0a45091d397a0563872eb56d42",
                "sha256:7b1b2cbd2dd851452306beed0ab9bdaeeab1cc8ad46f84b47cd81eeaff6dd6b8",
                "sha256:9787835f6449ee94713e7993a700432fce3763024791ffa8a58dc91ef9d1f950",
                "sha256:a547625c138efd5e61300119241041906ee8cb426fc7aa789900f87af7ed330d",
                "sha256:ab9d9226d4b66b6b3d0661a57cd45259b0868fed1c0cd4fac95249b9e0973320",
                "sha256:add51c70d0ab1175601c75cd687bbe9d16ae312cd8899b907aafe0d79ee2bc1d",
                "sha256:bb545eb9d876bc7b785e27e98e7720ada7eee7d7a1729798d2ed51517f13500a",
                "sha256:ccc0e74f2c2ab357f39bb73d67fcdb6dc10e23fdbbd399326139f72ec0fb99a3",
                "sha256:d29e9baee0b2f37ecd09bde3b487cf900431fd548c85be3e4fe1b9a0b2a917f1",
                "sha256:d3510e96c0a47e4e914bd1a29c954eb662bfa24849ad92e597cb97cc79f21af7",
                "sha256:d9e2662f57e6453e9a2c9fb4f54b2a9e62e3e46f5a412ac00558112336d23883",
                "sha256:e9d5027cf7d9968f8f819958b41bfedb933323ea6d6a0485eefacaa1afd91f54",
                "sha256:eef1ed3eaa4240c05698d02d8d0c010b9a03780eda37b492da6cd4c9d37e04ec",
                "sha256:f489020bb8664c2737c03457ad5dbd490579ddab6f0a7b5c17fecfe982715a89",
                "sha256:fea75cf53a93c56dd56e68abce8d314ef877b27451c870cd7ede7582d34c08a7",
                "sha256:ffbf8bae1edb50fe7beeffc3afa8e684686550c2e5d31bf01c25cfa213f581e1"
            ],
            "index": "pypi",
            "version": "==1.8.2"
        },
        "mysql-connector-python": {
            "hashes": [
                "sha256:230a34df2f3c4f36acf426361914b8552f129538a5e2256d489dca2b39f2f031",
                "sha256:26e19a4469276870ccc0a04db30c534519f0f774a5949370ff0dc03e7cfc071c",
                "sha256:37ca26d7b10580b836f038d42f21ba9e6c88542868d50f55defdbd2dc8e0c0e6",
                "sha256:4828a08b738174cacb0985df01120e0a2f0ba534c9d2f67d6613b0930a0fe3cd",
                "sha256:4b2de9dd56de4874c30364023b59991399222cf73ec744da590cf9eef2623c26",
                "sha256:539300944c36566e91d131e106dbf0a90cde697ba88247a820f5af9caea2e5c2",
                "sha256:55a58e57824b03f31befdd460b1dd173a05605bfac25278cd9845f3927c94399",
                "sha256:59d4ea8253edbca7cbd1ac25ed524fcf5d8e34ee7ef5fb1be9e3026852b88126",
                "sha256:5d1e1399a9feb45fc8caca6168ff35d31a8124693f24391153764bccc61d15ad",
                "sha256:66d755b94f547d6fcdee9f2256805a4534103363e35d185d3800bfc5274e1f4f",
                "sha256:6ac2c0d9c0248df8a62a736ae9024e1934acdbdf9ce3b2ab57b2a99c1da5f028",
                "sha256:717472cab0c4d5000cf60797be4d453b60d9ec98ec446c1e3c399fdd43941cb9",
                "sha256:81ac2e409b604bcf2ae6e18bc477f8f6e509ea5004c8dba291afe3d2591f0a3f",
                "sha256:858490bb450b6ae45f415d2205d65a12e84e3445c7b9736e1d1552b685bf237a",
                "sha256:86e30370b6c38a9aaeae042eade5eea95000f6eb93b3802a8a215750a29a48c1",
                "sha256:877076f2d71d268fb1b334c85a20ef1d42096ceb6580b25229be4510ebf5a0c5",
                "sha256:884eba07b4c97edf552a03f5fdca145e0ab4afc3d8677cca20276effca1bea54",
                "sha256:8c3ed071e19981e8e4ae64c1e3ded050571637a8d519669c03be5e1029c04ef7",
                "sha256:98606e893bc2343ccc9254f248e4bd5bae18cb03bf4931f3b1657900cd647718",
                "sha256:9d598cc854d1b61eabad7cbf003cfe59970aae80384f5ff18a5cc3fba7becdcc",
                "sha256:a0308455462d4078baf516255662a46611eb12fc8d83d40dea38df3032d2566d",
                "sha256:b3f64b1fd2de2e8ed5c9ddd388efce8c6804a8633e18dbb45563a6ae61fbc45b",
                "sha256:df033ca9c76f3a7c3500baea109127bc872c79431e9de691ffce4c2878af2828",
                "sha256:e0b8af0d8c56619875dee4168b1bf77e17a4c1c5e1df935623d264729df70227",
                "sha256:e33677bcf6c2bdee7f25f3b38da7a204ab761e3b6763cbb2a413a5300c151059",
                "sha256:e9eacdc3fa5f61276c1549ca7c471a6fde576692881a70dcbac8258314015347"
            ],
            "index": "pypi",
            "markers": "python_version >= '3.8'",
            "version": "==8.2.0"
        },
        "pika": {
            "hashes": [
                "sha256:0779a7c1fafd805672796085560d290213a465e4f6f76a6fb19e378d8041a14f",
                "sha256:b2a327ddddf8570b4965b3576ac77091b850262d34ce8c1d8cb4e4146aa4145f"
            ],
            "index": "pypi",
            "version": "==1.3.2"
        },
        "protobuf": {
            "hashes": [
                "sha256:1f22ac0ca65bb70a876060d96d914dae09ac98d114294f77584b0d2644fa9c30",
                "sha256:237216c3326d46808a9f7c26fd1bd4b20015fb6867dc5d263a493ef9a539293b",
                "sha256:27f4d15021da6d2b706ddc3860fac0a5ddaba34ab679dc182b60a8bb4e1121cc",
                "sha256:299ea899484ee6f44604deb71f424234f654606b983cb496ea2a53e3c63ab791",
                "sha256:3d164928ff0727d97022957c2b849250ca0e64777ee31efd7d6de2e07c494717",
                "sha256:6ab80df09e3208f742c98443b6166bcb70d65f52cfeb67357d52032ea1ae9bec",
                "sha256:78a28c9fa223998472886c77042e9b9afb6fe4242bd2a2a5aced88e3f4422aa7",
                "sha256:7cd532c4566d0e6feafecc1059d04c7915aec8e182d1cf7adee8b24ef1e2e6ab",
                "sha256:89f9149e4a0169cddfc44c74f230d7743002e3aa0b9472d8c28f0388102fc4c2",
                "sha256:a53fd3f03e578553623272dc46ac2f189de23862e68565e83dde203d41b76fc5",
                "sha256:b135410244ebe777db80298297a97fbb4c862c881b4403b71bac9d4107d61fd1",
                "sha256:b98d0148f84e3a3c569e19f52103ca1feacdac0d2df8d6533cf983d1fda28462",
                "sha256:d1736130bce8cf131ac7957fa26880ca19227d4ad68b4888b3be0dea1f95df97",
                "sha256:f45460f9ee70a0ec1b6694c6e4e348ad2019275680bd68a1d9314b8c7e01e574"
            ],
            "markers": "python_version >= '3.7'",
            "version": "==4.21.12"
        },
        "python-dotenv": {
            "hashes": [
                "sha256:a8df96034aae6d2d50a4ebe8216326c61c3eb64836776504fcca410e5937a3ba",
                "sha256:f5971a9226b701070a4bf2c38c89e5a3f0d64de8debda981d1db98583009122a"
            ],
            "index": "pypi",
            "version": "==1.0.0"
        },
        "pytz": {
            "hashes": [
                "sha256:7b4fddbeb94a1eba4b557da24f19fdf9db575192544270a9101d8509f9f43d7b",
                "sha256:ce42d816b81b68506614c11e8937d3aa9e41007ceb50bfdcb0749b921bf646c7"
            ],
            "version": "==2023.3.post1"
        },
        "setuptools": {
            "hashes": [
                "sha256:4ac1475276d2f1c48684874089fefcd83bd7162ddaafb81fac866ba0db282a87",
                "sha256:b454a35605876da60632df1a60f736524eb73cc47bbc9f3f1ef1b644de74fd2a"
            ],
            "markers": "python_version >= '3.8'",
            "version": "==68.2.2"
        },
        "six": {
            "hashes": [
                "sha256:1e61c37477a1626458e36f7b1d82aa5c9b094fa4802892072e49de9c60c4c926",
                "sha256:8abb2f1d86890a2dfb989f9a77cfcfd3e47c2a354b01111771326f8aa26e0254"
            ],
            "markers": "python_version >= '2.7' and python_version not in '3.0, 3.1, 3.2, 3.3'",
            "version": "==1.16.0"
        },
        "tzlocal": {
            "hashes": [
                "sha256:46eb99ad4bdb71f3f72b7d24f4267753e240944ecfc16f25d2719ba89827a803",
                "sha256:f3596e180296aaf2dbd97d124fe76ae3a0e3d32b258447de7b939b3fd4be992f"
            ],
            "markers": "python_version >= '3.7'",
            "version": "==5.0.1"
        }
    },
    "develop": {
        "attrs": {
            "hashes": [
                "sha256:1f28b4522cdc2fb4256ac1a020c78acf9cba2c6b461ccd2c126f3aa8e8335d04",
                "sha256:6279836d581513a26f1bf235f9acd333bc9115683f14f7e8fae46c98fc50e015"
            ],
            "markers": "python_version >= '3.7'",
            "version": "==23.1.0"
        },
        "black": {
            "hashes": [
                "sha256:031e8c69f3d3b09e1aa471a926a1eeb0b9071f80b17689a655f7885ac9325a6f",
                "sha256:13a2e4a93bb8ca74a749b6974925c27219bb3df4d42fc45e948a5d9feb5122b7",
                "sha256:13ef033794029b85dfea8032c9d3b92b42b526f1ff4bf13b2182ce4e917f5100",
                "sha256:14f04c990259576acd093871e7e9b14918eb28f1866f91968ff5524293f9c573",
                "sha256:24b6b3ff5c6d9ea08a8888f6977eae858e1f340d7260cf56d70a49823236b62d",
                "sha256:403397c033adbc45c2bd41747da1f7fc7eaa44efbee256b53842470d4ac5a70f",
                "sha256:50254ebfa56aa46a9fdd5d651f9637485068a1adf42270148cd101cdf56e0ad9",
                "sha256:538efb451cd50f43aba394e9ec7ad55a37598faae3348d723b59ea8e91616300",
                "sha256:638619a559280de0c2aa4d76f504891c9860bb8fa214267358f0a20f27c12948",
                "sha256:6a3b50e4b93f43b34a9d3ef00d9b6728b4a722c997c99ab09102fd5efdb88325",
                "sha256:6ccd59584cc834b6d127628713e4b6b968e5f79572da66284532525a042549f9",
                "sha256:75a2dc41b183d4872d3a500d2b9c9016e67ed95738a3624f4751a0cb4818fe71",
                "sha256:7d30ec46de88091e4316b17ae58bbbfc12b2de05e069030f6b747dfc649ad186",
                "sha256:8431445bf62d2a914b541da7ab3e2b4f3bc052d2ccbf157ebad18ea126efb91f",
                "sha256:8fc1ddcf83f996247505db6b715294eba56ea9372e107fd54963c7553f2b6dfe",
                "sha256:a732b82747235e0542c03bf352c126052c0fbc458d8a239a94701175b17d4855",
                "sha256:adc3e4442eef57f99b5590b245a328aad19c99552e0bdc7f0b04db6656debd80",
                "sha256:c46767e8df1b7beefb0899c4a95fb43058fa8500b6db144f4ff3ca38eb2f6393",
                "sha256:c619f063c2d68f19b2d7270f4cf3192cb81c9ec5bc5ba02df91471d0b88c4c5c",
                "sha256:cf3a4d00e4cdb6734b64bf23cd4341421e8953615cba6b3670453737a72ec204",
                "sha256:cf99f3de8b3273a8317681d8194ea222f10e0133a24a7548c73ce44ea1679377",
                "sha256:d6bc09188020c9ac2555a498949401ab35bb6bf76d4e0f8ee251694664df6301"
            ],
            "index": "pypi",
            "version": "==23.9.1"
        },
        "click": {
            "hashes": [
                "sha256:ae74fb96c20a0277a1d615f1e4d73c8414f5a98db8b799a7931d1582f3390c28",
                "sha256:ca9853ad459e787e2192211578cc907e7594e294c7ccc834310722b41b9ca6de"
            ],
            "markers": "python_version >= '3.7'",
            "version": "==8.1.7"
        },
        "coverage": {
            "extras": [
                "toml"
            ],
            "hashes": [
                "sha256:025ded371f1ca280c035d91b43252adbb04d2aea4c7105252d3cbc227f03b375",
                "sha256:04312b036580ec505f2b77cbbdfb15137d5efdfade09156961f5277149f5e344",
                "sha256:0575c37e207bb9b98b6cf72fdaaa18ac909fb3d153083400c2d48e2e6d28bd8e",
                "sha256:07d156269718670d00a3b06db2288b48527fc5f36859425ff7cec07c6b367745",
                "sha256:1f111a7d85658ea52ffad7084088277135ec5f368457275fc57f11cebb15607f",
                "sha256:220eb51f5fb38dfdb7e5d54284ca4d0cd70ddac047d750111a68ab1798945194",
                "sha256:229c0dd2ccf956bf5aeede7e3131ca48b65beacde2029f0361b54bf93d36f45a",
                "sha256:245c5a99254e83875c7fed8b8b2536f040997a9b76ac4c1da5bff398c06e860f",
                "sha256:2829c65c8faaf55b868ed7af3c7477b76b1c6ebeee99a28f59a2cb5907a45760",
                "sha256:4aba512a15a3e1e4fdbfed2f5392ec221434a614cc68100ca99dcad7af29f3f8",
                "sha256:4c96dd7798d83b960afc6c1feb9e5af537fc4908852ef025600374ff1a017392",
                "sha256:50dd1e2dd13dbbd856ffef69196781edff26c800a74f070d3b3e3389cab2600d",
                "sha256:5289490dd1c3bb86de4730a92261ae66ea8d44b79ed3cc26464f4c2cde581fbc",
                "sha256:53669b79f3d599da95a0afbef039ac0fadbb236532feb042c534fbb81b1a4e40",
                "sha256:553d7094cb27db58ea91332e8b5681bac107e7242c23f7629ab1316ee73c4981",
                "sha256:586649ada7cf139445da386ab6f8ef00e6172f11a939fc3b2b7e7c9082052fa0",
                "sha256:5ae4c6da8b3d123500f9525b50bf0168023313963e0e2e814badf9000dd6ef92",
                "sha256:5b4ee7080878077af0afa7238df1b967f00dc10763f6e1b66f5cced4abebb0a3",
                "sha256:5d991e13ad2ed3aced177f524e4d670f304c8233edad3210e02c465351f785a0",
                "sha256:614f1f98b84eb256e4f35e726bfe5ca82349f8dfa576faabf8a49ca09e630086",
                "sha256:636a8ac0b044cfeccae76a36f3b18264edcc810a76a49884b96dd744613ec0b7",
                "sha256:6407424621f40205bbe6325686417e5e552f6b2dba3535dd1f90afc88a61d465",
                "sha256:6bc6f3f4692d806831c136c5acad5ccedd0262aa44c087c46b7101c77e139140",
                "sha256:6cb7fe1581deb67b782c153136541e20901aa312ceedaf1467dcb35255787952",
                "sha256:74bb470399dc1989b535cb41f5ca7ab2af561e40def22d7e188e0a445e7639e3",
                "sha256:75c8f0df9dfd8ff745bccff75867d63ef336e57cc22b2908ee725cc552689ec8",
                "sha256:770f143980cc16eb601ccfd571846e89a5fe4c03b4193f2e485268f224ab602f",
                "sha256:7eb0b188f30e41ddd659a529e385470aa6782f3b412f860ce22b2491c89b8593",
                "sha256:7eb3cd48d54b9bd0e73026dedce44773214064be93611deab0b6a43158c3d5a0",
                "sha256:87d38444efffd5b056fcc026c1e8d862191881143c3aa80bb11fcf9dca9ae204",
                "sha256:8a07b692129b8a14ad7a37941a3029c291254feb7a4237f245cfae2de78de037",
                "sha256:966f10df9b2b2115da87f50f6a248e313c72a668248be1b9060ce935c871f276",
                "sha256:a6191b3a6ad3e09b6cfd75b45c6aeeffe7e3b0ad46b268345d159b8df8d835f9",
                "sha256:aab8e9464c00da5cb9c536150b7fbcd8850d376d1151741dd0d16dfe1ba4fd26",
                "sha256:ac3c5b7e75acac31e490b7851595212ed951889918d398b7afa12736c85e13ce",
                "sha256:ac9ad38204887349853d7c313f53a7b1c210ce138c73859e925bc4e5d8fc18e7",
                "sha256:b9c0c19f70d30219113b18fe07e372b244fb2a773d4afde29d5a2f7930765136",
                "sha256:c397c70cd20f6df7d2a52283857af622d5f23300c4ca8e5bd8c7a543825baa5a",
                "sha256:c6601a60318f9c3945be6ea0f2a80571f4299b6801716f8a6e4846892737ebe4",
                "sha256:c6f55d38818ca9596dc9019eae19a47410d5322408140d9a0076001a3dcb938c",
                "sha256:ca70466ca3a17460e8fc9cea7123c8cbef5ada4be3140a1ef8f7b63f2f37108f",
                "sha256:ca833941ec701fda15414be400c3259479bfde7ae6d806b69e63b3dc423b1832",
                "sha256:cd0f7429ecfd1ff597389907045ff209c8fdb5b013d38cfa7c60728cb484b6e3",
                "sha256:cd694e19c031733e446c8024dedd12a00cda87e1c10bd7b8539a87963685e969",
                "sha256:cdd088c00c39a27cfa5329349cc763a48761fdc785879220d54eb785c8a38520",
                "sha256:de30c1aa80f30af0f6b2058a91505ea6e36d6535d437520067f525f7df123887",
                "sha256:defbbb51121189722420a208957e26e49809feafca6afeef325df66c39c4fdb3",
                "sha256:f09195dda68d94a53123883de75bb97b0e35f5f6f9f3aa5bf6e496da718f0cb6",
                "sha256:f12d8b11a54f32688b165fd1a788c408f927b0960984b899be7e4c190ae758f1",
                "sha256:f1a317fdf5c122ad642db8a97964733ab7c3cf6009e1a8ae8821089993f175ff",
                "sha256:f2781fd3cabc28278dc982a352f50c81c09a1a500cc2086dc4249853ea96b981",
                "sha256:f4f456590eefb6e1b3c9ea6328c1e9fa0f1006e7481179d749b3376fc793478e"
            ],
            "markers": "python_version >= '3.8'",
            "version": "==7.3.1"
        },
        "exceptiongroup": {
            "hashes": [
                "sha256:097acd85d473d75af5bb98e41b61ff7fe35efe6675e4f9370ec6ec5126d160e9",
                "sha256:343280667a4585d195ca1cf9cef84a4e178c4b6cf2274caef9859782b567d5e3"
            ],
            "markers": "python_version < '3.11'",
            "version": "==1.1.3"
        },
        "flake8": {
            "hashes": [
                "sha256:d5b3857f07c030bdb5bf41c7f53799571d75c4491748a3adcd47de929e34cd23",
                "sha256:ffdfce58ea94c6580c77888a86506937f9a1a227dfcd15f245d694ae20a6b6e5"
            ],
            "index": "pypi",
            "markers": "python_full_version >= '3.8.1'",
            "version": "==6.1.0"
        },
        "flake8-bugbear": {
            "hashes": [
                "sha256:32b2903e22331ae04885dae25756a32a8c666c85142e933f43512a70f342052a",
                "sha256:83324bad4d90fee4bf64dd69c61aff94debf8073fbd807c8b6a36eec7a2f0719"
            ],
            "index": "pypi",
            "markers": "python_full_version >= '3.8.1'",
            "version": "==23.12.2"
        },
        "freezegun": {
            "hashes": [
                "sha256:cd22d1ba06941384410cd967d8a99d5ae2442f57dfafeff2fda5de8dc5c05446",
                "sha256:ea1b963b993cb9ea195adbd893a48d573fda951b0da64f60883d7e988b606c9f"
            ],
            "markers": "python_version >= '3.6'",
            "version": "==1.2.2"
        },
        "iniconfig": {
            "hashes": [
                "sha256:2d91e135bf72d31a410b17c16da610a82cb55f6b0477d1a902134b24a455b8b3",
                "sha256:b6a85871a79d2e3b22d2d1b94ac2824226a63c6b741c88f7ae975f18b6778374"
            ],
            "markers": "python_version >= '3.7'",
            "version": "==2.0.0"
        },
        "isort": {
            "hashes": [
                "sha256:8bef7dde241278824a6d83f44a544709b065191b95b6e50894bdc722fcba0504",
                "sha256:f84c2818376e66cf843d497486ea8fed8700b340f308f076c6fb1229dff318b6"
            ],
            "index": "pypi",
            "version": "==5.12.0"
        },
        "mccabe": {
            "hashes": [
                "sha256:348e0240c33b60bbdf4e523192ef919f28cb2c3d7d5c7794f74009290f236325",
                "sha256:6c2d30ab6be0e4a46919781807b4f0d834ebdd6c6e3dca0bda5a15f863427b6e"
            ],
            "markers": "python_version >= '3.6'",
            "version": "==0.7.0"
        },
        "mypy": {
            "hashes": [
                "sha256:159aa9acb16086b79bbb0016145034a1a05360626046a929f84579ce1666b315",
                "sha256:258b22210a4a258ccd077426c7a181d789d1121aca6db73a83f79372f5569ae0",
                "sha256:26f71b535dfc158a71264e6dc805a9f8d2e60b67215ca0bfa26e2e1aa4d4d373",
                "sha256:26fb32e4d4afa205b24bf645eddfbb36a1e17e995c5c99d6d00edb24b693406a",
                "sha256:2fc3a600f749b1008cc75e02b6fb3d4db8dbcca2d733030fe7a3b3502902f161",
                "sha256:32cb59609b0534f0bd67faebb6e022fe534bdb0e2ecab4290d683d248be1b275",
                "sha256:330857f9507c24de5c5724235e66858f8364a0693894342485e543f5b07c8693",
                "sha256:361da43c4f5a96173220eb53340ace68cda81845cd88218f8862dfb0adc8cddb",
                "sha256:4a465ea2ca12804d5b34bb056be3a29dc47aea5973b892d0417c6a10a40b2d65",
                "sha256:51cb1323064b1099e177098cb939eab2da42fea5d818d40113957ec954fc85f4",
                "sha256:57b10c56016adce71fba6bc6e9fd45d8083f74361f629390c556738565af8eeb",
                "sha256:596fae69f2bfcb7305808c75c00f81fe2829b6236eadda536f00610ac5ec2243",
                "sha256:5d627124700b92b6bbaa99f27cbe615c8ea7b3402960f6372ea7d65faf376c14",
                "sha256:6ac9c21bfe7bc9f7f1b6fae441746e6a106e48fc9de530dea29e8cd37a2c0cc4",
                "sha256:82cb6193de9bbb3844bab4c7cf80e6227d5225cc7625b068a06d005d861ad5f1",
                "sha256:8f772942d372c8cbac575be99f9cc9d9fb3bd95c8bc2de6c01411e2c84ebca8a",
                "sha256:9fece120dbb041771a63eb95e4896791386fe287fefb2837258925b8326d6160",
                "sha256:a156e6390944c265eb56afa67c74c0636f10283429171018446b732f1a05af25",
                "sha256:a9ec1f695f0c25986e6f7f8778e5ce61659063268836a38c951200c57479cc12",
                "sha256:abed92d9c8f08643c7d831300b739562b0a6c9fcb028d211134fc9ab20ccad5d",
                "sha256:b031b9601f1060bf1281feab89697324726ba0c0bae9d7cd7ab4b690940f0b92",
                "sha256:c543214ffdd422623e9fedd0869166c2f16affe4ba37463975043ef7d2ea8770",
                "sha256:d28ddc3e3dfeab553e743e532fb95b4e6afad51d4706dd22f28e1e5e664828d2",
                "sha256:f33592ddf9655a4894aef22d134de7393e95fcbdc2d15c1ab65828eee5c66c70",
                "sha256:f6b0e77db9ff4fda74de7df13f30016a0a663928d669c9f2c057048ba44f09bb",
                "sha256:f757063a83970d67c444f6e01d9550a7402322af3557ce7630d3c957386fa8f5",
                "sha256:ff0cedc84184115202475bbb46dd99f8dcb87fe24d5d0ddfc0fe6b8575c88d2f"
            ],
            "index": "pypi",
            "version": "==1.5.1"
        },
        "mypy-extensions": {
            "hashes": [
                "sha256:4392f6c0eb8a5668a69e23d168ffa70f0be9ccfd32b5cc2d26a34ae5b844552d",
                "sha256:75dbf8955dc00442a438fc4d0666508a9a97b6bd41aa2f0ffe9d2f2725af0782"
            ],
            "markers": "python_version >= '3.5'",
            "version": "==1.0.0"
        },
        "packaging": {
            "hashes": [
                "sha256:048fb0e9405036518eaaf48a55953c750c11e1a1b68e0dd1a9d62ed0c092cfc5",
                "sha256:8c491190033a9af7e1d931d0b5dacc2ef47509b34dd0de67ed209b5203fc88c7"
            ],
            "markers": "python_version >= '3.7'",
            "version": "==23.2"
        },
        "pathspec": {
            "hashes": [
                "sha256:1d6ed233af05e679efb96b1851550ea95bbb64b7c490b0f5aa52996c11e92a20",
                "sha256:e0d8d0ac2f12da61956eb2306b69f9469b42f4deb0f3cb6ed47b9cce9996ced3"
            ],
            "markers": "python_version >= '3.7'",
            "version": "==0.11.2"
        },
        "pika-stubs": {
            "hashes": [
                "sha256:aaa78fa9f52eb3591b6073fbbe2607567405d1857be268d447bea252e22dd6cf"
            ],
            "index": "pypi",
            "version": "==0.1.3"
        },
        "platformdirs": {
            "hashes": [
                "sha256:b45696dab2d7cc691a3226759c0d3b00c47c8b6e293d96f6436f733303f77f6d",
                "sha256:d7c24979f292f916dc9cbf8648319032f551ea8c49a4c9bf2fb556a02070ec1d"
            ],
            "markers": "python_version >= '3.7'",
            "version": "==3.10.0"
        },
        "pluggy": {
            "hashes": [
                "sha256:cf61ae8f126ac6f7c451172cf30e3e43d3ca77615509771b3a984a0730651e12",
                "sha256:d89c696a773f8bd377d18e5ecda92b7a3793cbe66c87060a6fb58c7b6e1061f7"
            ],
            "markers": "python_version >= '3.8'",
            "version": "==1.3.0"
        },
        "pycodestyle": {
            "hashes": [
                "sha256:41ba0e7afc9752dfb53ced5489e89f8186be00e599e712660695b7a75ff2663f",
                "sha256:44fe31000b2d866f2e41841b18528a505fbd7fef9017b04eff4e2648a0fadc67"
            ],
            "markers": "python_version >= '3.8'",
            "version": "==2.11.1"
        },
        "pyflakes": {
            "hashes": [
                "sha256:4132f6d49cb4dae6819e5379898f2b8cce3c5f23994194c24b77d5da2e36f774",
                "sha256:a0aae034c444db0071aa077972ba4768d40c830d9539fd45bf4cd3f8f6992efc"
            ],
            "markers": "python_version >= '3.8'",
            "version": "==3.1.0"
        },
        "pytest": {
            "hashes": [
                "sha256:0d009c083ea859a71b76adf7c1d502e4bc170b80a8ef002da5806527b9591fac",
                "sha256:d989d136982de4e3b29dabcc838ad581c64e8ed52c11fbe86ddebd9da0818cd5"
            ],
            "index": "pypi",
            "markers": "python_version >= '3.7'",
            "version": "==7.4.3"
        },
        "pytest-cov": {
            "hashes": [
                "sha256:3904b13dfbfec47f003b8e77fd5b589cd11904a21ddf1ab38a64f204d6a10ef6",
                "sha256:6ba70b9e97e69fcc3fb45bfeab2d0a138fb65c4d0d6a41ef33983ad114be8c3a"
            ],
            "index": "pypi",
            "version": "==4.1.0"
        },
        "pytest-freezegun": {
            "hashes": [
                "sha256:19c82d5633751bf3ec92caa481fb5cffaac1787bd485f0df6436fd6242176949",
                "sha256:5318a6bfb8ba4b709c8471c94d0033113877b3ee02da5bfcd917c1889cde99a7"
            ],
            "index": "pypi",
            "version": "==0.4.2"
        },
        "python-dateutil": {
            "hashes": [
                "sha256:0123cacc1627ae19ddf3c27a5de5bd67ee4586fbdd6440d9748f8abb483d3e86",
                "sha256:961d03dc3453ebbc59dbdea9e4e11c5651520a876d0f4db161e8674aae935da9"
            ],
            "markers": "python_version >= '2.7' and python_version not in '3.0, 3.1, 3.2, 3.3'",
            "version": "==2.8.2"
        },
        "six": {
            "hashes": [
                "sha256:1e61c37477a1626458e36f7b1d82aa5c9b094fa4802892072e49de9c60c4c926",
                "sha256:8abb2f1d86890a2dfb989f9a77cfcfd3e47c2a354b01111771326f8aa26e0254"
            ],
            "markers": "python_version >= '2.7' and python_version not in '3.0, 3.1, 3.2, 3.3'",
            "version": "==1.16.0"
        },
        "tomli": {
            "hashes": [
                "sha256:939de3e7a6161af0c887ef91b7d41a53e7c5a1ca976325f429cb46ea9bc30ecc",
                "sha256:de526c12914f0c550d15924c62d72abc48d6fe7364aa87328337a31007fe8a4f"
            ],
            "markers": "python_version < '3.11'",
            "version": "==2.0.1"
        },
        "typing-extensions": {
            "hashes": [
                "sha256:8f92fc8806f9a6b641eaa5318da32b44d401efaac0f6678c9bc448ba3605faa0",
                "sha256:df8e4339e9cb77357558cbdbceca33c303714cf861d1eef15e1070055ae8b7ef"
            ],
            "markers": "python_version >= '3.8'",
            "version": "==4.8.0"
        }
    }
}
